
Microsoft Visual Studio Solution File, Format Version 12.00
# Visual Studio Version 16
VisualStudioVersion = 25.0.1705.1
MinimumVisualStudioVersion = 10.0.40219.1
Project("{FAE04EC0-301F-11D3-BF4B-00C04F79EFBC}") = "Webshop", "Webshop\Webshop.csproj", "{F360A048-B052-4CB8-9AFB-F96ED7DA1524}"
EndProject
Global
	GlobalSection(SolutionConfigurationPlatforms) = preSolution
		Debug|Any CPU = Debug|Any CPU
		Release|Any CPU = Release|Any CPU
	EndGlobalSection
	GlobalSection(ProjectConfigurationPlatforms) = postSolution
		{F360A048-B052-4CB8-9AFB-F96ED7DA1524}.Debug|Any CPU.ActiveCfg = Debug|Any CPU
		{F360A048-B052-4CB8-9AFB-F96ED7DA1524}.Debug|Any CPU.Build.0 = Debug|Any CPU
		{F360A048-B052-4CB8-9AFB-F96ED7DA1524}.Release|Any CPU.ActiveCfg = Release|Any CPU
		{F360A048-B052-4CB8-9AFB-F96ED7DA1524}.Release|Any CPU.Build.0 = Release|Any CPU
	EndGlobalSection
	GlobalSection(SolutionProperties) = preSolution
		HideSolutionNode = FALSE
	EndGlobalSection
	GlobalSection(ExtensibilityGlobals) = postSolution
		SolutionGuid = {41607B86-3F7B-404C-BBDD-B2D7F89AD504}
	EndGlobalSection
EndGlobal
